
Microsoft Visual Studio Solution File, Format Version 12.00
# Visual Studio Version 16
VisualStudioVersion = 16.0.33927.289
MinimumVisualStudioVersion = 10.0.40219.1
Project("{FAE04EC0-301F-11D3-BF4B-00C04F79EFBC}") = "UserServiceHost", "UserServiceHost\UserServiceHost.csproj", "{6E083F8C-9ED6-4E66-9E10-1D515B786EFA}"
EndProject
Project("{FAE04EC0-301F-11D3-BF4B-00C04F79EFBC}") = "UserLoginService", "UserLoginService\UserLoginService.csproj", "{5E0C1D10-6738-4DEC-AB9C-A337E3535956}"
EndProject
Global
	GlobalSection(SolutionConfigurationPlatforms) = preSolution
		Debug|Any CPU = Debug|Any CPU
		Release|Any CPU = Release|Any CPU
	EndGlobalSection
	GlobalSection(ProjectConfigurationPlatforms) = postSolution
		{6E083F8C-9ED6-4E66-9E10-1D515B786EFA}.Debug|Any CPU.ActiveCfg = Debug|Any CPU
		{6E083F8C-9ED6-4E66-9E10-1D515B786EFA}.Debug|Any CPU.Build.0 = Debug|Any CPU
		{6E083F8C-9ED6-4E66-9E10-1D515B786EFA}.Release|Any CPU.ActiveCfg = Release|Any CPU
		{6E083F8C-9ED6-4E66-9E10-1D515B786EFA}.Release|Any CPU.Build.0 = Release|Any CPU
		{5E0C1D10-6738-4DEC-AB9C-A337E3535956}.Debug|Any CPU.ActiveCfg = Debug|Any CPU
		{5E0C1D10-6738-4DEC-AB9C-A337E3535956}.Debug|Any CPU.Build.0 = Debug|Any CPU
		{5E0C1D10-6738-4DEC-AB9C-A337E3535956}.Release|Any CPU.ActiveCfg = Release|Any CPU
		{5E0C1D10-6738-4DEC-AB9C-A337E3535956}.Release|Any CPU.Build.0 = Release|Any CPU
	EndGlobalSection
	GlobalSection(SolutionProperties) = preSolution
		HideSolutionNode = FALSE
	EndGlobalSection
	GlobalSection(ExtensibilityGlobals) = postSolution
		SolutionGuid = {FB6FEC6E-C238-4B76-9E89-059A2969B739}
	EndGlobalSection
EndGlobal
